// !$*UTF8*$!
{
	archiveVersion = 1;
	classes = {
	};
	objectVersion = 46;
	objects = {

/* Begin PBXBuildFile section */
		84664C631A88362B0005830B /* AppDelegate.swift in Sources */ = {isa = PBXBuildFile; fileRef = 84664C621A88362B0005830B /* AppDelegate.swift */; };
		84664C651A88362B0005830B /* MasterViewController.swift in Sources */ = {isa = PBXBuildFile; fileRef = 84664C641A88362B0005830B /* MasterViewController.swift */; };
		84664C6A1A88362B0005830B /* Main.storyboard in Resources */ = {isa = PBXBuildFile; fileRef = 84664C681A88362B0005830B /* Main.storyboard */; };
		84664C6C1A88362B0005830B /* Images.xcassets in Resources */ = {isa = PBXBuildFile; fileRef = 84664C6B1A88362B0005830B /* Images.xcassets */; };
		84664C6F1A88362B0005830B /* LaunchScreen.xib in Resources */ = {isa = PBXBuildFile; fileRef = 84664C6D1A88362B0005830B /* LaunchScreen.xib */; };
		84664C7B1A88362B0005830B /* NewsTests.swift in Sources */ = {isa = PBXBuildFile; fileRef = 84664C7A1A88362B0005830B /* NewsTests.swift */; };
		84664C851A8836D70005830B /* Item.swift in Sources */ = {isa = PBXBuildFile; fileRef = 84664C841A8836D70005830B /* Item.swift */; };
		84664C871A883E450005830B /* NetworkManager.swift in Sources */ = {isa = PBXBuildFile; fileRef = 84664C861A883E450005830B /* NetworkManager.swift */; };
/* End PBXBuildFile section */

/* Begin PBXContainerItemProxy section */
		84664C751A88362B0005830B /* PBXContainerItemProxy */ = {
			isa = PBXContainerItemProxy;
			containerPortal = 84664C551A88362A0005830B /* Project object */;
			proxyType = 1;
			remoteGlobalIDString = 84664C5C1A88362A0005830B;
			remoteInfo = News;
		};
/* End PBXContainerItemProxy section */

/* Begin PBXFileReference section */
		84664C5D1A88362A0005830B /* News.app */ = {isa = PBXFileReference; explicitFileType = wrapper.application; includeInIndex = 0; path = News.app; sourceTree = BUILT_PRODUCTS_DIR; };
		84664C611A88362A0005830B /* Info.plist */ = {isa = PBXFileReference; lastKnownFileType = text.plist.xml; path = Info.plist; sourceTree = "<group>"; };
		84664C621A88362B0005830B /* AppDelegate.swift */ = {isa = PBXFileReference; lastKnownFileType = sourcecode.swift; path = AppDelegate.swift; sourceTree = "<group>"; };
		84664C641A88362B0005830B /* MasterViewController.swift */ = {isa = PBXFileReference; lastKnownFileType = sourcecode.swift; path = MasterViewController.swift; sourceTree = "<group>"; };
		84664C691A88362B0005830B /* Base */ = {isa = PBXFileReference; lastKnownFileType = file.storyboard; name = Base; path = Base.lproj/Main.storyboard; sourceTree = "<group>"; };
		84664C6B1A88362B0005830B /* Images.xcassets */ = {isa = PBXFileReference; lastKnownFileType = folder.assetcatalog; path = Images.xcassets; sourceTree = "<group>"; };
		84664C6E1A88362B0005830B /* Base */ = {isa = PBXFileReference; lastKnownFileType = file.xib; name = Base; path = Base.lproj/LaunchScreen.xib; sourceTree = "<group>"; };
		84664C741A88362B0005830B /* NewsTests.xctest */ = {isa = PBXFileReference; explicitFileType = wrapper.cfbundle; includeInIndex = 0; path = NewsTests.xctest; sourceTree = BUILT_PRODUCTS_DIR; };
		84664C791A88362B0005830B /* Info.plist */ = {isa = PBXFileReference; lastKnownFileType = text.plist.xml; path = Info.plist; sourceTree = "<group>"; };
		84664C7A1A88362B0005830B /* NewsTests.swift */ = {isa = PBXFileReference; lastKnownFileType = sourcecode.swift; path = NewsTests.swift; sourceTree = "<group>"; };
		84664C841A8836D70005830B /* Item.swift */ = {isa = PBXFileReference; fileEncoding = 4; lastKnownFileType = sourcecode.swift; path = Item.swift; sourceTree = "<group>"; };
		84664C861A883E450005830B /* NetworkManager.swift */ = {isa = PBXFileReference; fileEncoding = 4; lastKnownFileType = sourcecode.swift; path = NetworkManager.swift; sourceTree = "<group>"; };
/* End PBXFileReference section */

/* Begin PBXFrameworksBuildPhase section */
		84664C5A1A88362A0005830B /* Frameworks */ = {
			isa = PBXFrameworksBuildPhase;
			buildActionMask = 2147483647;
			files = (
			);
			runOnlyForDeploymentPostprocessing = 0;
		};
		84664C711A88362B0005830B /* Frameworks */ = {
			isa = PBXFrameworksBuildPhase;
			buildActionMask = 2147483647;
			files = (
			);
			runOnlyForDeploymentPostprocessing = 0;
		};
/* End PBXFrameworksBuildPhase section */

/* Begin PBXGroup section */
		84664C541A88362A0005830B = {
			isa = PBXGroup;
			children = (
				84664C5F1A88362A0005830B /* News */,
				84664C771A88362B0005830B /* NewsTests */,
				84664C5E1A88362A0005830B /* Products */,
			);
			sourceTree = "<group>";
		};
		84664C5E1A88362A0005830B /* Products */ = {
			isa = PBXGroup;
			children = (
				84664C5D1A88362A0005830B /* News.app */,
				84664C741A88362B0005830B /* NewsTests.xctest */,
			);
			name = Products;
			sourceTree = "<group>";
		};
		84664C5F1A88362A0005830B /* News */ = {
			isa = PBXGroup;
			children = (
				84664C621A88362B0005830B /* AppDelegate.swift */,
				84664C641A88362B0005830B /* MasterViewController.swift */,
				84664C841A8836D70005830B /* Item.swift */,
				84664C861A883E450005830B /* NetworkManager.swift */,
				84664C681A88362B0005830B /* Main.storyboard */,
				84664C6B1A88362B0005830B /* Images.xcassets */,
				84664C6D1A88362B0005830B /* LaunchScreen.xib */,
				84664C601A88362A0005830B /* Supporting Files */,
			);
			path = News;
			sourceTree = "<group>";
		};
		84664C601A88362A0005830B /* Supporting Files */ = {
			isa = PBXGroup;
			children = (
				84664C611A88362A0005830B /* Info.plist */,
			);
			name = "Supporting Files";
			sourceTree = "<group>";
		};
		84664C771A88362B0005830B /* NewsTests */ = {
			isa = PBXGroup;
			children = (
				84664C7A1A88362B0005830B /* NewsTests.swift */,
				84664C781A88362B0005830B /* Supporting Files */,
			);
			path = NewsTests;
			sourceTree = "<group>";
		};
		84664C781A88362B0005830B /* Supporting Files */ = {
			isa = PBXGroup;
			children = (
				84664C791A88362B0005830B /* Info.plist */,
			);
			name = "Supporting Files";
			sourceTree = "<group>";
		};
/* End PBXGroup section */

/* Begin PBXNativeTarget section */
		84664C5C1A88362A0005830B /* News */ = {
			isa = PBXNativeTarget;
			buildConfigurationList = 84664C7E1A88362B0005830B /* Build configuration list for PBXNativeTarget "News" */;
			buildPhases = (
				84664C591A88362A0005830B /* Sources */,
				84664C5A1A88362A0005830B /* Frameworks */,
				84664C5B1A88362A0005830B /* Resources */,
			);
			buildRules = (
			);
			dependencies = (
			);
			name = News;
			productName = News;
			productReference = 84664C5D1A88362A0005830B /* News.app */;
			productType = "com.apple.product-type.application";
		};
		84664C731A88362B0005830B /* NewsTests */ = {
			isa = PBXNativeTarget;
			buildConfigurationList = 84664C811A88362B0005830B /* Build configuration list for PBXNativeTarget "NewsTests" */;
			buildPhases = (
				84664C701A88362B0005830B /* Sources */,
				84664C711A88362B0005830B /* Frameworks */,
				84664C721A88362B0005830B /* Resources */,
			);
			buildRules = (
			);
			dependencies = (
				84664C761A88362B0005830B /* PBXTargetDependency */,
			);
			name = NewsTests;
			productName = NewsTests;
			productReference = 84664C741A88362B0005830B /* NewsTests.xctest */;
			productType = "com.apple.product-type.bundle.unit-test";
		};
/* End PBXNativeTarget section */

/* Begin PBXProject section */
		84664C551A88362A0005830B /* Project object */ = {
			isa = PBXProject;
			attributes = {
				LastSwiftMigration = 0710;
				LastSwiftUpdateCheck = 0710;
				LastUpgradeCheck = 0710;
				ORGANIZATIONNAME = "Apress, Inc.";
				TargetAttributes = {
					84664C5C1A88362A0005830B = {
						CreatedOnToolsVersion = 6.1.1;
					};
					84664C731A88362B0005830B = {
						CreatedOnToolsVersion = 6.1.1;
						TestTargetID = 84664C5C1A88362A0005830B;
					};
				};
			};
			buildConfigurationList = 84664C581A88362A0005830B /* Build configuration list for PBXProject "News" */;
			compatibilityVersion = "Xcode 3.2";
			developmentRegion = English;
			hasScannedForEncodings = 0;
			knownRegions = (
				en,
				Base,
			);
			mainGroup = 84664C541A88362A0005830B;
			productRefGroup = 84664C5E1A88362A0005830B /* Products */;
			projectDirPath = "";
			projectRoot = "";
			targets = (
				84664C5C1A88362A0005830B /* News */,
				84664C731A88362B0005830B /* NewsTests */,
			);
		};
/* End PBXProject section */

/* Begin PBXResourcesBuildPhase section */
		84664C5B1A88362A0005830B /* Resources */ = {
			isa = PBXResourcesBuildPhase;
			buildActionMask = 2147483647;
			files = (
				84664C6A1A88362B0005830B /* Main.storyboard in Resources */,
				84664C6F1A88362B0005830B /* LaunchScreen.xib in Resources */,
				84664C6C1A88362B0005830B /* Images.xcassets in Resources */,
			);
			runOnlyForDeploymentPostprocessing = 0;
		};
		84664C721A88362B0005830B /* Resources */ = {
			isa = PBXResourcesBuildPhase;
			buildActionMask = 2147483647;
			files = (
			);
			runOnlyForDeploymentPostprocessing = 0;
		};
/* End PBXResourcesBuildPhase section */

/* Begin PBXSourcesBuildPhase section */
		84664C591A88362A0005830B /* Sources */ = {
			isa = PBXSourcesBuildPhase;
			buildActionMask = 2147483647;
			files = (
				84664C851A8836D70005830B /* Item.swift in Sources */,
				84664C871A883E450005830B /* NetworkManager.swift in Sources */,
				84664C651A88362B0005830B /* MasterViewController.swift in Sources */,
				84664C631A88362B0005830B /* AppDelegate.swift in Sources */,
			);
			runOnlyForDeploymentPostprocessing = 0;
		};
		84664C701A88362B0005830B /* Sources */ = {
			isa = PBXSourcesBuildPhase;
			buildActionMask = 2147483647;
			files = (
				84664C7B1A88362B0005830B /* NewsTests.swift in Sources */,
			);
			runOnlyForDeploymentPostprocessing = 0;
		};
/* End PBXSourcesBuildPhase section */

/* Begin PBXTargetDependency section */
		84664C761A88362B0005830B /* PBXTargetDependency */ = {
			isa = PBXTargetDependency;
			target = 84664C5C1A88362A0005830B /* News */;
			targetProxy = 84664C751A88362B0005830B /* PBXContainerItemProxy */;
		};
/* End PBXTargetDependency section */

/* Begin PBXVariantGroup section */
		84664C681A88362B0005830B /* Main.storyboard */ = {
			isa = PBXVariantGroup;
			children = (
				84664C691A88362B0005830B /* Base */,
			);
			name = Main.storyboard;
			sourceTree = "<group>";
		};
		84664C6D1A88362B0005830B /* LaunchScreen.xib */ = {
			isa = PBXVariantGroup;
			children = (
				84664C6E1A88362B0005830B /* Base */,
			);
			name = LaunchScreen.xib;
			sourceTree = "<group>";
		};
/* End PBXVariantGroup section */

/* Begin XCBuildConfiguration section */
		84664C7C1A88362B0005830B /* Debug */ = {
			isa = XCBuildConfiguration;
			buildSettings = {
				ALWAYS_SEARCH_USER_PATHS = NO;
				CLANG_CXX_LANGUAGE_STANDARD = "gnu++0x";
				CLANG_CXX_LIBRARY = "libc++";
				CLANG_ENABLE_MODULES = YES;
				CLANG_ENABLE_OBJC_ARC = YES;
				CLANG_WARN_BOOL_CONVERSION = YES;
				CLANG_WARN_CONSTANT_CONVERSION = YES;
				CLANG_WARN_DIRECT_OBJC_ISA_USAGE = YES_ERROR;
				CLANG_WARN_EMPTY_BODY = YES;
				CLANG_WARN_ENUM_CONVERSION = YES;
				CLANG_WARN_INT_CONVERSION = YES;
				CLANG_WARN_OBJC_ROOT_CLASS = YES_ERROR;
				CLANG_WARN_UNREACHABLE_CODE = YES;
				CLANG_WARN__DUPLICATE_METHOD_MATCH = YES;
				"CODE_SIGN_IDENTITY[sdk=iphoneos*]" = "iPhone Developer";
				COPY_PHASE_STRIP = NO;
				ENABLE_STRICT_OBJC_MSGSEND = YES;
				ENABLE_TESTABILITY = YES;
				GCC_C_LANGUAGE_STANDARD = gnu99;
				GCC_DYNAMIC_NO_PIC = NO;
				GCC_OPTIMIZATION_LEVEL = 0;
				GCC_PREPROCESSOR_DEFINITIONS = (
					"DEBUG=1",
					"$(inherited)",
				);
				GCC_SYMBOLS_PRIVATE_EXTERN = NO;
				GCC_WARN_64_TO_32_BIT_CONVERSION = YES;
				GCC_WARN_ABOUT_RETURN_TYPE = YES_ERROR;
				GCC_WARN_UNDECLARED_SELECTOR = YES;
				GCC_WARN_UNINITIALIZED_AUTOS = YES_AGGRESSIVE;
				GCC_WARN_UNUSED_FUNCTION = YES;
				GCC_WARN_UNUSED_VARIABLE = YES;
				IPHONEOS_DEPLOYMENT_TARGET = 9.0;
				MTL_ENABLE_DEBUG_INFO = YES;
				ONLY_ACTIVE_ARCH = YES;
				SDKROOT = iphoneos;
				SWIFT_OPTIMIZATION_LEVEL = "-Onone";
			};
			name = Debug;
		};
		84664C7D1A88362B0005830B /* Release */ = {
			isa = XCBuildConfiguration;
			buildSettings = {
				ALWAYS_SEARCH_USER_PATHS = NO;
				CLANG_CXX_LANGUAGE_STANDARD = "gnu++0x";
				CLANG_CXX_LIBRARY = "libc++";
				CLANG_ENABLE_MODULES = YES;
				CLANG_ENABLE_OBJC_ARC = YES;
				CLANG_WARN_BOOL_CONVERSION = YES;
				CLANG_WARN_CONSTANT_CONVERSION = YES;
				CLANG_WARN_DIRECT_OBJC_ISA_USAGE = YES_ERROR;
				CLANG_WARN_EMPTY_BODY = YES;
				CLANG_WARN_ENUM_CONVERSION = YES;
				CLANG_WARN_INT_CONVERSION = YES;
				CLANG_WARN_OBJC_ROOT_CLASS = YES_ERROR;
				CLANG_WARN_UNREACHABLE_CODE = YES;
				CLANG_WARN__DUPLICATE_METHOD_MATCH = YES;
				"CODE_SIGN_IDENTITY[sdk=iphoneos*]" = "iPhone Developer";
				COPY_PHASE_STRIP = YES;
				ENABLE_NS_ASSERTIONS = NO;
				ENABLE_STRICT_OBJC_MSGSEND = YES;
				GCC_C_LANGUAGE_STANDARD = gnu99;
				GCC_WARN_64_TO_32_BIT_CONVERSION = YES;
				GCC_WARN_ABOUT_RETURN_TYPE = YES_ERROR;
				GCC_WARN_UNDECLARED_SELECTOR = YES;
				GCC_WARN_UNINITIALIZED_AUTOS = YES_AGGRESSIVE;
				GCC_WARN_UNUSED_FUNCTION = YES;
				GCC_WARN_UNUSED_VARIABLE = YES;
				IPHONEOS_DEPLOYMENT_TARGET = 9.0;
				MTL_ENABLE_DEBUG_INFO = NO;
				SDKROOT = iphoneos;
				VALIDATE_PRODUCT = YES;
			};
			name = Release;
		};
		84664C7F1A88362B0005830B /* Debug */ = {
			isa = XCBuildConfiguration;
			buildSettings = {
				ASSETCATALOG_COMPILER_APPICON_NAME = AppIcon;
				INFOPLIST_FILE = News/Info.plist;
				IPHONEOS_DEPLOYMENT_TARGET = 9.1;
				LD_RUNPATH_SEARCH_PATHS = "$(inherited) @executable_path/Frameworks";
				PRODUCT_BUNDLE_IDENTIFIER = "com.apress.$(PRODUCT_NAME:rfc1034identifier)";
				PRODUCT_NAME = "$(TARGET_NAME)";
			};
			name = Debug;
		};
		84664C801A88362B0005830B /* Release */ = {
			isa = XCBuildConfiguration;
			buildSettings = {
				ASSETCATALOG_COMPILER_APPICON_NAME = AppIcon;
				INFOPLIST_FILE = News/Info.plist;
				IPHONEOS_DEPLOYMENT_TARGET = 9.1;
				LD_RUNPATH_SEARCH_PATHS = "$(inherited) @executable_path/Frameworks";
				PRODUCT_BUNDLE_IDENTIFIER = "com.apress.$(PRODUCT_NAME:rfc1034identifier)";
				PRODUCT_NAME = "$(TARGET_NAME)";
			};
			name = Release;
		};
		84664C821A88362B0005830B /* Debug */ = {
			isa = XCBuildConfiguration;
			buildSettings = {
				BUNDLE_LOADER = "$(TEST_HOST)";
				FRAMEWORK_SEARCH_PATHS = (
					"$(SDKROOT)/Developer/Library/Frameworks",
					"$(inherited)",
				);
				GCC_PREPROCESSOR_DEFINITIONS = (
					"DEBUG=1",
					"$(inherited)",
				);
				INFOPLIST_FILE = NewsTests/Info.plist;
				LD_RUNPATH_SEARCH_PATHS = "$(inherited) @executable_path/Frameworks @loader_path/Frameworks";
				PRODUCT_BUNDLE_IDENTIFIER = "com.apress.$(PRODUCT_NAME:rfc1034identifier)";
				PRODUCT_NAME = "$(TARGET_NAME)";
				TEST_HOST = "$(BUILT_PRODUCTS_DIR)/News.app/News";
			};
			name = Debug;
		};
		84664C831A88362B0005830B /* Release */ = {
			isa = XCBuildConfiguration;
			buildSettings = {
				BUNDLE_LOADER = "$(TEST_HOST)";
				FRAMEWORK_SEARCH_PATHS = (
					"$(SDKROOT)/Developer/Library/Frameworks",
					"$(inherited)",
				);
				INFOPLIST_FILE = NewsTests/Info.plist;
				LD_RUNPATH_SEARCH_PATHS = "$(inherited) @executable_path/Frameworks @loader_path/Frameworks";
				PRODUCT_BUNDLE_IDENTIFIER = "com.apress.$(PRODUCT_NAME:rfc1034identifier)";
				PRODUCT_NAME = "$(TARGET_NAME)";
				TEST_HOST = "$(BUILT_PRODUCTS_DIR)/News.app/News";
			};
			name = Release;
		};
/* End XCBuildConfiguration section */

/* Begin XCConfigurationList section */
		84664C581A88362A0005830B /* Build configuration list for PBXProject "News" */ = {
			isa = XCConfigurationList;
			buildConfigurations = (
				84664C7C1A88362B0005830B /* Debug */,
				84664C7D1A88362B0005830B /* Release */,
			);
			defaultConfigurationIsVisible = 0;
			defaultConfigurationName = Release;
		};
		84664C7E1A88362B0005830B /* Build configuration list for PBXNativeTarget "News" */ = {
			isa = XCConfigurationList;
			buildConfigurations = (
				84664C7F1A88362B0005830B /* Debug */,
				84664C801A88362B0005830B /* Release */,
			);
			defaultConfigurationIsVisible = 0;
			defaultConfigurationName = Release;
		};
		84664C811A88362B0005830B /* Build configuration list for PBXNativeTarget "NewsTests" */ = {
			isa = XCConfigurationList;
			buildConfigurations = (
				84664C821A88362B0005830B /* Debug */,
				84664C831A88362B0005830B /* Release */,
			);
			defaultConfigurationIsVisible = 0;
			defaultConfigurationName = Release;
		};
/* End XCConfigurationList section */
	};
	rootObject = 84664C551A88362A0005830B /* Project object */;
}
